// !$*UTF8*$!
{
	archiveVersion = 1;
	classes = {
	};
	objectVersion = 52;
	objects = {

/* Begin PBXBuildFile section */
		3E6E5F471A16F0F76B5966AB /* Pods_shoe_shop2.framework in Frameworks */ = {isa = PBXBuildFile; fileRef = B2CB90B04F335B545CF44921 /* Pods_shoe_shop2.framework */; };
		534782A4264E623700BE8FC4 /* CheckBox.swift in Sources */ = {isa = PBXBuildFile; fileRef = 534782A3264E623700BE8FC4 /* CheckBox.swift */; };
		6470F35C264E767D00362E05 /* FacebookCore in Frameworks */ = {isa = PBXBuildFile; productRef = 6470F35B264E767D00362E05 /* FacebookCore */; };
		6470F35E264E767D00362E05 /* FacebookLogin in Frameworks */ = {isa = PBXBuildFile; productRef = 6470F35D264E767D00362E05 /* FacebookLogin */; };
		64ABB2E0264AD0620000F5AC /* ForgotPassword.storyboard in Resources */ = {isa = PBXBuildFile; fileRef = 64ABB2DF264AD0620000F5AC /* ForgotPassword.storyboard */; };
		64ABB2E3264AD1600000F5AC /* ForgotPasswordViewController.swift in Sources */ = {isa = PBXBuildFile; fileRef = 64ABB2E2264AD1600000F5AC /* ForgotPasswordViewController.swift */; };
		64E0F81B264A3ED600005B0B /* ChangeShipAddressViewController.swift in Sources */ = {isa = PBXBuildFile; fileRef = 64E0F81A264A3ED600005B0B /* ChangeShipAddressViewController.swift */; };
		64EB825526482372001B1B05 /* PaymentCashMethod.xib in Resources */ = {isa = PBXBuildFile; fileRef = 64EB825426482372001B1B05 /* PaymentCashMethod.xib */; };
		64EB82582648239E001B1B05 /* PaymentCashMethod.swift in Sources */ = {isa = PBXBuildFile; fileRef = 64EB82572648239E001B1B05 /* PaymentCashMethod.swift */; };
		64EB825B26482ACE001B1B05 /* PaymentOnlineMethod.xib in Resources */ = {isa = PBXBuildFile; fileRef = 64EB825A26482ACE001B1B05 /* PaymentOnlineMethod.xib */; };
		64EB825E26482AE4001B1B05 /* PaymentOnineMethod.swift in Sources */ = {isa = PBXBuildFile; fileRef = 64EB825D26482AE4001B1B05 /* PaymentOnineMethod.swift */; };
		E26B1D202644CD240001ABE0 /* AppDelegate.swift in Sources */ = {isa = PBXBuildFile; fileRef = E26B1D1F2644CD240001ABE0 /* AppDelegate.swift */; };
		E26B1D222644CD240001ABE0 /* SceneDelegate.swift in Sources */ = {isa = PBXBuildFile; fileRef = E26B1D212644CD240001ABE0 /* SceneDelegate.swift */; };
		E26B1D272644CD240001ABE0 /* Main.storyboard in Resources */ = {isa = PBXBuildFile; fileRef = E26B1D252644CD240001ABE0 /* Main.storyboard */; };
		E26B1D2A2644CD240001ABE0 /* shoe_shop2.xcdatamodeld in Sources */ = {isa = PBXBuildFile; fileRef = E26B1D282644CD240001ABE0 /* shoe_shop2.xcdatamodeld */; };
		E26B1D2C2644CD280001ABE0 /* Assets.xcassets in Resources */ = {isa = PBXBuildFile; fileRef = E26B1D2B2644CD280001ABE0 /* Assets.xcassets */; };
		E26B1D2F2644CD280001ABE0 /* LaunchScreen.storyboard in Resources */ = {isa = PBXBuildFile; fileRef = E26B1D2D2644CD280001ABE0 /* LaunchScreen.storyboard */; };
		E26B1D482644CF470001ABE0 /* HomePage.storyboard in Resources */ = {isa = PBXBuildFile; fileRef = E26B1D472644CF470001ABE0 /* HomePage.storyboard */; };
		E26B1D4B2644CF500001ABE0 /* CartPage.storyboard in Resources */ = {isa = PBXBuildFile; fileRef = E26B1D4A2644CF500001ABE0 /* CartPage.storyboard */; };
		E26B1D4E2644CF570001ABE0 /* Notification.storyboard in Resources */ = {isa = PBXBuildFile; fileRef = E26B1D4D2644CF570001ABE0 /* Notification.storyboard */; };
		E26B1D512644CF630001ABE0 /* AccountPage.storyboard in Resources */ = {isa = PBXBuildFile; fileRef = E26B1D502644CF630001ABE0 /* AccountPage.storyboard */; };
		E26B1D542644CF6D0001ABE0 /* DetailProduct.storyboard in Resources */ = {isa = PBXBuildFile; fileRef = E26B1D532644CF6D0001ABE0 /* DetailProduct.storyboard */; };
		E26B1D572644CF740001ABE0 /* Checkout.storyboard in Resources */ = {isa = PBXBuildFile; fileRef = E26B1D562644CF740001ABE0 /* Checkout.storyboard */; };
		E26B1D662644CFCF0001ABE0 /* CheckoutViewController.swift in Sources */ = {isa = PBXBuildFile; fileRef = E26B1D652644CFCF0001ABE0 /* CheckoutViewController.swift */; };
		E26B1D692644CFDA0001ABE0 /* DetailProductViewController.swift in Sources */ = {isa = PBXBuildFile; fileRef = E26B1D682644CFDA0001ABE0 /* DetailProductViewController.swift */; };
		E26B1D6C2644CFFD0001ABE0 /* AccountViewController.swift in Sources */ = {isa = PBXBuildFile; fileRef = E26B1D6B2644CFFD0001ABE0 /* AccountViewController.swift */; };
		E26B1D6F2644D0080001ABE0 /* NotificationViewController.swift in Sources */ = {isa = PBXBuildFile; fileRef = E26B1D6E2644D0080001ABE0 /* NotificationViewController.swift */; };
		E26B1D722644D0130001ABE0 /* CartViewController.swift in Sources */ = {isa = PBXBuildFile; fileRef = E26B1D712644D0130001ABE0 /* CartViewController.swift */; };
		E26B1D752644D01F0001ABE0 /* HomepageViewController.swift in Sources */ = {isa = PBXBuildFile; fileRef = E26B1D742644D01F0001ABE0 /* HomepageViewController.swift */; };
		E26B1D7C2644D45D0001ABE0 /* GoogleService-Info.plist in Resources */ = {isa = PBXBuildFile; fileRef = E26B1D7B2644D45D0001ABE0 /* GoogleService-Info.plist */; };
		E26B1D812644D79C0001ABE0 /* FirebaseStorage in Frameworks */ = {isa = PBXBuildFile; productRef = E26B1D802644D79C0001ABE0 /* FirebaseStorage */; };
		E26B1D832644D79C0001ABE0 /* FirebaseAuth in Frameworks */ = {isa = PBXBuildFile; productRef = E26B1D822644D79C0001ABE0 /* FirebaseAuth */; };
		E26B1D852644D79C0001ABE0 /* FirebaseDatabase in Frameworks */ = {isa = PBXBuildFile; productRef = E26B1D842644D79C0001ABE0 /* FirebaseDatabase */; };
		E26B1DB22644DC170001ABE0 /* UIView+Extension.swift in Sources */ = {isa = PBXBuildFile; fileRef = E26B1DB12644DC170001ABE0 /* UIView+Extension.swift */; };
		E26B1DB52644DC280001ABE0 /* UIImageView+Extension.swift in Sources */ = {isa = PBXBuildFile; fileRef = E26B1DB42644DC280001ABE0 /* UIImageView+Extension.swift */; };
		E26B1DB82644DC5E0001ABE0 /* Constant.swift in Sources */ = {isa = PBXBuildFile; fileRef = E26B1DB72644DC5E0001ABE0 /* Constant.swift */; };
		E2701153264BAF2F0089E500 /* UILabel+Extension.swift in Sources */ = {isa = PBXBuildFile; fileRef = E2701152264BAF2F0089E500 /* UILabel+Extension.swift */; };
		E2701160264BB1C60089E500 /* ReviewPage.storyboard in Resources */ = {isa = PBXBuildFile; fileRef = E270115F264BB1C60089E500 /* ReviewPage.storyboard */; };
		E2701163264BB2010089E500 /* ReviewViewController.swift in Sources */ = {isa = PBXBuildFile; fileRef = E2701162264BB2010089E500 /* ReviewViewController.swift */; };
		E2701168264BB8510089E500 /* ReviewTableViewCell.swift in Sources */ = {isa = PBXBuildFile; fileRef = E2701166264BB8510089E500 /* ReviewTableViewCell.swift */; };
		E2701169264BB8510089E500 /* ReviewTableViewCell.xib in Resources */ = {isa = PBXBuildFile; fileRef = E2701167264BB8510089E500 /* ReviewTableViewCell.xib */; };
		E2701172264BCBC80089E500 /* CustomHeaderTableView.xib in Resources */ = {isa = PBXBuildFile; fileRef = E2701171264BCBC80089E500 /* CustomHeaderTableView.xib */; };
		E2701175264BD0450089E500 /* CustomHeaderTableView.swift in Sources */ = {isa = PBXBuildFile; fileRef = E2701174264BD0450089E500 /* CustomHeaderTableView.swift */; };
		E270117F264BE4B50089E500 /* ReviewDetailPage.storyboard in Resources */ = {isa = PBXBuildFile; fileRef = E270117E264BE4B50089E500 /* ReviewDetailPage.storyboard */; };
		E2701182264BF4BA0089E500 /* CustomPresentation.swift in Sources */ = {isa = PBXBuildFile; fileRef = E2701181264BF4BA0089E500 /* CustomPresentation.swift */; };
		E2701185264BF60A0089E500 /* ReviewDetailViewController.swift in Sources */ = {isa = PBXBuildFile; fileRef = E2701184264BF60A0089E500 /* ReviewDetailViewController.swift */; };
		E2F61FD226454DDB001CE7E5 /* HomeLoginViewController.swift in Sources */ = {isa = PBXBuildFile; fileRef = E2F61FD126454DDB001CE7E5 /* HomeLoginViewController.swift */; };
		E2F61FD626454DE9001CE7E5 /* LoginViewController.swift in Sources */ = {isa = PBXBuildFile; fileRef = E2F61FD426454DE8001CE7E5 /* LoginViewController.swift */; };
		E2F61FD726454DE9001CE7E5 /* SignUpViewController.swift in Sources */ = {isa = PBXBuildFile; fileRef = E2F61FD526454DE8001CE7E5 /* SignUpViewController.swift */; };
		E2F61FDC26454E28001CE7E5 /* HomeLogin.storyboard in Resources */ = {isa = PBXBuildFile; fileRef = E2F61FDB26454E28001CE7E5 /* HomeLogin.storyboard */; };
		E2F61FE126454E51001CE7E5 /* CustomTextField.swift in Sources */ = {isa = PBXBuildFile; fileRef = E2F61FDF26454E51001CE7E5 /* CustomTextField.swift */; };
		E2F61FE226454E51001CE7E5 /* CustomTextField.xib in Resources */ = {isa = PBXBuildFile; fileRef = E2F61FE026454E51001CE7E5 /* CustomTextField.xib */; };
		E2F61FE626454E62001CE7E5 /* CustomSwitch.swift in Sources */ = {isa = PBXBuildFile; fileRef = E2F61FE526454E62001CE7E5 /* CustomSwitch.swift */; };
		FF56974B26451DCC003CE928 /* CategoriesCollectionViewCell.xib in Resources */ = {isa = PBXBuildFile; fileRef = FF56974926451DCC003CE928 /* CategoriesCollectionViewCell.xib */; };
		FF56974C26451DCC003CE928 /* CategoriesCollectionViewCell.swift in Sources */ = {isa = PBXBuildFile; fileRef = FF56974A26451DCC003CE928 /* CategoriesCollectionViewCell.swift */; };
		FF56974F26451DD5003CE928 /* LastestProductCollectionViewCell.swift in Sources */ = {isa = PBXBuildFile; fileRef = FF56974D26451DD5003CE928 /* LastestProductCollectionViewCell.swift */; };
		FF56975026451DD5003CE928 /* LastestProductCollectionViewCell.xib in Resources */ = {isa = PBXBuildFile; fileRef = FF56974E26451DD5003CE928 /* LastestProductCollectionViewCell.xib */; };
		FF56975326451DE2003CE928 /* ProductCollectionViewCell.swift in Sources */ = {isa = PBXBuildFile; fileRef = FF56975126451DE1003CE928 /* ProductCollectionViewCell.swift */; };
		FF56975426451DE2003CE928 /* ProductCollectionViewCell.xib in Resources */ = {isa = PBXBuildFile; fileRef = FF56975226451DE2003CE928 /* ProductCollectionViewCell.xib */; };
		FF8D22FA264A828E0072D5D3 /* OrderSuccessPage.storyboard in Resources */ = {isa = PBXBuildFile; fileRef = FF8D22F9264A828E0072D5D3 /* OrderSuccessPage.storyboard */; };
		FF8D22FD264A83D00072D5D3 /* IntroPageViewController.swift in Sources */ = {isa = PBXBuildFile; fileRef = FF8D22FB264A83D00072D5D3 /* IntroPageViewController.swift */; };
		FF8D22FE264A83D00072D5D3 /* OrderSuccessViewController.swift in Sources */ = {isa = PBXBuildFile; fileRef = FF8D22FC264A83D00072D5D3 /* OrderSuccessViewController.swift */; };
		FF8D2302264A83FF0072D5D3 /* DrawIntroPage.swift in Sources */ = {isa = PBXBuildFile; fileRef = FF8D2300264A83FF0072D5D3 /* DrawIntroPage.swift */; };
		FF8D2303264A83FF0072D5D3 /* IntroPageUIView.swift in Sources */ = {isa = PBXBuildFile; fileRef = FF8D2301264A83FF0072D5D3 /* IntroPageUIView.swift */; };
		FF8D2306264A84100072D5D3 /* IntroPage.storyboard in Resources */ = {isa = PBXBuildFile; fileRef = FF8D2305264A84100072D5D3 /* IntroPage.storyboard */; };
		FF8D230D264B5DB90072D5D3 /* CartTableViewCell.xib in Resources */ = {isa = PBXBuildFile; fileRef = FF8D230B264B5DB90072D5D3 /* CartTableViewCell.xib */; };
		FF8D230E264B5DB90072D5D3 /* CartTableViewCell.swift in Sources */ = {isa = PBXBuildFile; fileRef = FF8D230C264B5DB90072D5D3 /* CartTableViewCell.swift */; };
		FF8D2311264B5E180072D5D3 /* CoreDataManager.swift in Sources */ = {isa = PBXBuildFile; fileRef = FF8D2310264B5E180072D5D3 /* CoreDataManager.swift */; };
		FF8D2313264B5E3B0072D5D3 /* NSManagedObjectContext+Extension.swift in Sources */ = {isa = PBXBuildFile; fileRef = FF8D2312264B5E3B0072D5D3 /* NSManagedObjectContext+Extension.swift */; };
		FF8D2316264B5E540072D5D3 /* CartModel.swift in Sources */ = {isa = PBXBuildFile; fileRef = FF8D2315264B5E540072D5D3 /* CartModel.swift */; };
		FF8D231D264B8C4C0072D5D3 /* RootTabbarViewController.swift in Sources */ = {isa = PBXBuildFile; fileRef = FF8D231C264B8C4C0072D5D3 /* RootTabbarViewController.swift */; };
		FF8D2336264CB9590072D5D3 /* RAMAnimatedTabBarController in Frameworks */ = {isa = PBXBuildFile; productRef = FF8D2335264CB9590072D5D3 /* RAMAnimatedTabBarController */; };
		FF8D233D264CC2F10072D5D3 /* TextFielDigitCode.swift in Sources */ = {isa = PBXBuildFile; fileRef = FF8D233B264CC2F10072D5D3 /* TextFielDigitCode.swift */; };
		FF8D233E264CC2F10072D5D3 /* TextFielDigitCode.xib in Resources */ = {isa = PBXBuildFile; fileRef = FF8D233C264CC2F10072D5D3 /* TextFielDigitCode.xib */; };
		FF8D2343264CC5AA0072D5D3 /* FirebaseManager.swift in Sources */ = {isa = PBXBuildFile; fileRef = FF8D2342264CC5AA0072D5D3 /* FirebaseManager.swift */; };
		FF8D2345264CD2B50072D5D3 /* Category.swift in Sources */ = {isa = PBXBuildFile; fileRef = FF8D2344264CD2B50072D5D3 /* Category.swift */; };
		FF8D2347264D2AF50072D5D3 /* ProductModel.swift in Sources */ = {isa = PBXBuildFile; fileRef = FF8D2346264D2AF40072D5D3 /* ProductModel.swift */; };
		FF8D2349264D60F00072D5D3 /* UIColor+Extension.swift in Sources */ = {isa = PBXBuildFile; fileRef = FF8D2348264D60F00072D5D3 /* UIColor+Extension.swift */; };
		FF8D234B264E1D3F0072D5D3 /* ProductColor.swift in Sources */ = {isa = PBXBuildFile; fileRef = FF8D234A264E1D3E0072D5D3 /* ProductColor.swift */; };
		FF8D2393264EBF7B0072D5D3 /* SkeletonView in Frameworks */ = {isa = PBXBuildFile; productRef = FF8D2392264EBF7B0072D5D3 /* SkeletonView */; };
		FF8D2396264FD5280072D5D3 /* SDWebImage in Frameworks */ = {isa = PBXBuildFile; productRef = FF8D2395264FD5280072D5D3 /* SDWebImage */; };
		FFA4FE9426491FBE005F767F /* UpdateUserInformationViewController.swift in Sources */ = {isa = PBXBuildFile; fileRef = FFA4FE9326491FBE005F767F /* UpdateUserInformationViewController.swift */; };
		FFA4FE9626491FC4005F767F /* UserInformationViewController.swift in Sources */ = {isa = PBXBuildFile; fileRef = FFA4FE9526491FC4005F767F /* UserInformationViewController.swift */; };
		FFA4FE9826491FD6005F767F /* OrderHistoryViewController.swift in Sources */ = {isa = PBXBuildFile; fileRef = FFA4FE9726491FD6005F767F /* OrderHistoryViewController.swift */; };
		FFA4FE9C26491FF2005F767F /* ToastMessageTableViewCell.swift in Sources */ = {isa = PBXBuildFile; fileRef = FFA4FE9A26491FF2005F767F /* ToastMessageTableViewCell.swift */; };
		FFA4FE9D26491FF2005F767F /* ToastMessageTableViewCell.xib in Resources */ = {isa = PBXBuildFile; fileRef = FFA4FE9B26491FF2005F767F /* ToastMessageTableViewCell.xib */; };
		FFA4FEA226492113005F767F /* OrderHistoryTableViewCell.swift in Sources */ = {isa = PBXBuildFile; fileRef = FFA4FEA026492113005F767F /* OrderHistoryTableViewCell.swift */; };
		FFA4FEA326492113005F767F /* OrderHistoryTableViewCell.xib in Resources */ = {isa = PBXBuildFile; fileRef = FFA4FEA126492113005F767F /* OrderHistoryTableViewCell.xib */; };
/* End PBXBuildFile section */

/* Begin PBXFileReference section */
		534782A3264E623700BE8FC4 /* CheckBox.swift */ = {isa = PBXFileReference; fileEncoding = 4; lastKnownFileType = sourcecode.swift; path = CheckBox.swift; sourceTree = "<group>"; };
		64ABB2DF264AD0620000F5AC /* ForgotPassword.storyboard */ = {isa = PBXFileReference; lastKnownFileType = file.storyboard; path = ForgotPassword.storyboard; sourceTree = "<group>"; };
		64ABB2E2264AD1600000F5AC /* ForgotPasswordViewController.swift */ = {isa = PBXFileReference; lastKnownFileType = sourcecode.swift; path = ForgotPasswordViewController.swift; sourceTree = "<group>"; };
		64E0F81A264A3ED600005B0B /* ChangeShipAddressViewController.swift */ = {isa = PBXFileReference; fileEncoding = 4; lastKnownFileType = sourcecode.swift; path = ChangeShipAddressViewController.swift; sourceTree = "<group>"; };
		64EB825426482372001B1B05 /* PaymentCashMethod.xib */ = {isa = PBXFileReference; lastKnownFileType = file.xib; path = PaymentCashMethod.xib; sourceTree = "<group>"; };
		64EB82572648239E001B1B05 /* PaymentCashMethod.swift */ = {isa = PBXFileReference; lastKnownFileType = sourcecode.swift; path = PaymentCashMethod.swift; sourceTree = "<group>"; };
		64EB825A26482ACE001B1B05 /* PaymentOnlineMethod.xib */ = {isa = PBXFileReference; lastKnownFileType = file.xib; path = PaymentOnlineMethod.xib; sourceTree = "<group>"; };
		64EB825D26482AE4001B1B05 /* PaymentOnineMethod.swift */ = {isa = PBXFileReference; lastKnownFileType = sourcecode.swift; path = PaymentOnineMethod.swift; sourceTree = "<group>"; };
		B2CB90B04F335B545CF44921 /* Pods_shoe_shop2.framework */ = {isa = PBXFileReference; explicitFileType = wrapper.framework; includeInIndex = 0; path = Pods_shoe_shop2.framework; sourceTree = BUILT_PRODUCTS_DIR; };
		C953906715561AC4DC177CA8 /* Pods-shoe_shop2.release.xcconfig */ = {isa = PBXFileReference; includeInIndex = 1; lastKnownFileType = text.xcconfig; name = "Pods-shoe_shop2.release.xcconfig"; path = "Target Support Files/Pods-shoe_shop2/Pods-shoe_shop2.release.xcconfig"; sourceTree = "<group>"; };
		D8979702779FF1451663FB4A /* Pods-shoe_shop2.debug.xcconfig */ = {isa = PBXFileReference; includeInIndex = 1; lastKnownFileType = text.xcconfig; name = "Pods-shoe_shop2.debug.xcconfig"; path = "Target Support Files/Pods-shoe_shop2/Pods-shoe_shop2.debug.xcconfig"; sourceTree = "<group>"; };
		E26B1D1C2644CD240001ABE0 /* shoe_shop2.app */ = {isa = PBXFileReference; explicitFileType = wrapper.application; includeInIndex = 0; path = shoe_shop2.app; sourceTree = BUILT_PRODUCTS_DIR; };
		E26B1D1F2644CD240001ABE0 /* AppDelegate.swift */ = {isa = PBXFileReference; lastKnownFileType = sourcecode.swift; path = AppDelegate.swift; sourceTree = "<group>"; };
		E26B1D212644CD240001ABE0 /* SceneDelegate.swift */ = {isa = PBXFileReference; lastKnownFileType = sourcecode.swift; path = SceneDelegate.swift; sourceTree = "<group>"; };
		E26B1D262644CD240001ABE0 /* Base */ = {isa = PBXFileReference; lastKnownFileType = file.storyboard; name = Base; path = Base.lproj/Main.storyboard; sourceTree = "<group>"; };
		E26B1D292644CD240001ABE0 /* shoe_shop2.xcdatamodel */ = {isa = PBXFileReference; lastKnownFileType = wrapper.xcdatamodel; path = shoe_shop2.xcdatamodel; sourceTree = "<group>"; };
		E26B1D2B2644CD280001ABE0 /* Assets.xcassets */ = {isa = PBXFileReference; lastKnownFileType = folder.assetcatalog; path = Assets.xcassets; sourceTree = "<group>"; };
		E26B1D2E2644CD280001ABE0 /* Base */ = {isa = PBXFileReference; lastKnownFileType = file.storyboard; name = Base; path = Base.lproj/LaunchScreen.storyboard; sourceTree = "<group>"; };
		E26B1D302644CD280001ABE0 /* Info.plist */ = {isa = PBXFileReference; lastKnownFileType = text.plist.xml; path = Info.plist; sourceTree = "<group>"; };
		E26B1D472644CF470001ABE0 /* HomePage.storyboard */ = {isa = PBXFileReference; lastKnownFileType = file.storyboard; path = HomePage.storyboard; sourceTree = "<group>"; };
		E26B1D4A2644CF500001ABE0 /* CartPage.storyboard */ = {isa = PBXFileReference; lastKnownFileType = file.storyboard; path = CartPage.storyboard; sourceTree = "<group>"; };
		E26B1D4D2644CF570001ABE0 /* Notification.storyboard */ = {isa = PBXFileReference; lastKnownFileType = file.storyboard; path = Notification.storyboard; sourceTree = "<group>"; };
		E26B1D502644CF630001ABE0 /* AccountPage.storyboard */ = {isa = PBXFileReference; lastKnownFileType = file.storyboard; path = AccountPage.storyboard; sourceTree = "<group>"; };
		E26B1D532644CF6D0001ABE0 /* DetailProduct.storyboard */ = {isa = PBXFileReference; lastKnownFileType = file.storyboard; path = DetailProduct.storyboard; sourceTree = "<group>"; };
		E26B1D562644CF740001ABE0 /* Checkout.storyboard */ = {isa = PBXFileReference; lastKnownFileType = file.storyboard; path = Checkout.storyboard; sourceTree = "<group>"; };
		E26B1D652644CFCF0001ABE0 /* CheckoutViewController.swift */ = {isa = PBXFileReference; lastKnownFileType = sourcecode.swift; path = CheckoutViewController.swift; sourceTree = "<group>"; };
		E26B1D682644CFDA0001ABE0 /* DetailProductViewController.swift */ = {isa = PBXFileReference; lastKnownFileType = sourcecode.swift; path = DetailProductViewController.swift; sourceTree = "<group>"; };
		E26B1D6B2644CFFD0001ABE0 /* AccountViewController.swift */ = {isa = PBXFileReference; lastKnownFileType = sourcecode.swift; path = AccountViewController.swift; sourceTree = "<group>"; };
		E26B1D6E2644D0080001ABE0 /* NotificationViewController.swift */ = {isa = PBXFileReference; lastKnownFileType = sourcecode.swift; path = NotificationViewController.swift; sourceTree = "<group>"; };
		E26B1D712644D0130001ABE0 /* CartViewController.swift */ = {isa = PBXFileReference; lastKnownFileType = sourcecode.swift; path = CartViewController.swift; sourceTree = "<group>"; };
		E26B1D742644D01F0001ABE0 /* HomepageViewController.swift */ = {isa = PBXFileReference; lastKnownFileType = sourcecode.swift; path = HomepageViewController.swift; sourceTree = "<group>"; };
		E26B1D7B2644D45D0001ABE0 /* GoogleService-Info.plist */ = {isa = PBXFileReference; fileEncoding = 4; lastKnownFileType = text.plist.xml; path = "GoogleService-Info.plist"; sourceTree = "<group>"; };
		E26B1DB12644DC170001ABE0 /* UIView+Extension.swift */ = {isa = PBXFileReference; lastKnownFileType = sourcecode.swift; path = "UIView+Extension.swift"; sourceTree = "<group>"; };
		E26B1DB42644DC280001ABE0 /* UIImageView+Extension.swift */ = {isa = PBXFileReference; lastKnownFileType = sourcecode.swift; path = "UIImageView+Extension.swift"; sourceTree = "<group>"; };
		E26B1DB72644DC5E0001ABE0 /* Constant.swift */ = {isa = PBXFileReference; lastKnownFileType = sourcecode.swift; path = Constant.swift; sourceTree = "<group>"; };
		E2701152264BAF2F0089E500 /* UILabel+Extension.swift */ = {isa = PBXFileReference; fileEncoding = 4; lastKnownFileType = sourcecode.swift; path = "UILabel+Extension.swift"; sourceTree = "<group>"; };
		E270115F264BB1C60089E500 /* ReviewPage.storyboard */ = {isa = PBXFileReference; lastKnownFileType = file.storyboard; path = ReviewPage.storyboard; sourceTree = "<group>"; };
		E2701162264BB2010089E500 /* ReviewViewController.swift */ = {isa = PBXFileReference; lastKnownFileType = sourcecode.swift; path = ReviewViewController.swift; sourceTree = "<group>"; };
		E2701166264BB8510089E500 /* ReviewTableViewCell.swift */ = {isa = PBXFileReference; lastKnownFileType = sourcecode.swift; path = ReviewTableViewCell.swift; sourceTree = "<group>"; };
		E2701167264BB8510089E500 /* ReviewTableViewCell.xib */ = {isa = PBXFileReference; lastKnownFileType = file.xib; path = ReviewTableViewCell.xib; sourceTree = "<group>"; };
		E2701171264BCBC80089E500 /* CustomHeaderTableView.xib */ = {isa = PBXFileReference; lastKnownFileType = file.xib; path = CustomHeaderTableView.xib; sourceTree = "<group>"; };
		E2701174264BD0450089E500 /* CustomHeaderTableView.swift */ = {isa = PBXFileReference; lastKnownFileType = sourcecode.swift; path = CustomHeaderTableView.swift; sourceTree = "<group>"; };
		E270117E264BE4B50089E500 /* ReviewDetailPage.storyboard */ = {isa = PBXFileReference; lastKnownFileType = file.storyboard; path = ReviewDetailPage.storyboard; sourceTree = "<group>"; };
		E2701181264BF4BA0089E500 /* CustomPresentation.swift */ = {isa = PBXFileReference; lastKnownFileType = sourcecode.swift; path = CustomPresentation.swift; sourceTree = "<group>"; };
		E2701184264BF60A0089E500 /* ReviewDetailViewController.swift */ = {isa = PBXFileReference; lastKnownFileType = sourcecode.swift; path = ReviewDetailViewController.swift; sourceTree = "<group>"; };
		E2F61FD126454DDB001CE7E5 /* HomeLoginViewController.swift */ = {isa = PBXFileReference; fileEncoding = 4; lastKnownFileType = sourcecode.swift; path = HomeLoginViewController.swift; sourceTree = "<group>"; };
		E2F61FD426454DE8001CE7E5 /* LoginViewController.swift */ = {isa = PBXFileReference; fileEncoding = 4; lastKnownFileType = sourcecode.swift; path = LoginViewController.swift; sourceTree = "<group>"; };
		E2F61FD526454DE8001CE7E5 /* SignUpViewController.swift */ = {isa = PBXFileReference; fileEncoding = 4; lastKnownFileType = sourcecode.swift; path = SignUpViewController.swift; sourceTree = "<group>"; };
		E2F61FDB26454E28001CE7E5 /* HomeLogin.storyboard */ = {isa = PBXFileReference; fileEncoding = 4; lastKnownFileType = file.storyboard; path = HomeLogin.storyboard; sourceTree = "<group>"; };
		E2F61FDF26454E51001CE7E5 /* CustomTextField.swift */ = {isa = PBXFileReference; fileEncoding = 4; lastKnownFileType = sourcecode.swift; path = CustomTextField.swift; sourceTree = "<group>"; };
		E2F61FE026454E51001CE7E5 /* CustomTextField.xib */ = {isa = PBXFileReference; fileEncoding = 4; lastKnownFileType = file.xib; path = CustomTextField.xib; sourceTree = "<group>"; };
		E2F61FE526454E62001CE7E5 /* CustomSwitch.swift */ = {isa = PBXFileReference; fileEncoding = 4; lastKnownFileType = sourcecode.swift; path = CustomSwitch.swift; sourceTree = "<group>"; };
		FF56974926451DCC003CE928 /* CategoriesCollectionViewCell.xib */ = {isa = PBXFileReference; fileEncoding = 4; lastKnownFileType = file.xib; path = CategoriesCollectionViewCell.xib; sourceTree = "<group>"; };
		FF56974A26451DCC003CE928 /* CategoriesCollectionViewCell.swift */ = {isa = PBXFileReference; fileEncoding = 4; lastKnownFileType = sourcecode.swift; path = CategoriesCollectionViewCell.swift; sourceTree = "<group>"; };
		FF56974D26451DD5003CE928 /* LastestProductCollectionViewCell.swift */ = {isa = PBXFileReference; fileEncoding = 4; lastKnownFileType = sourcecode.swift; path = LastestProductCollectionViewCell.swift; sourceTree = "<group>"; };
		FF56974E26451DD5003CE928 /* LastestProductCollectionViewCell.xib */ = {isa = PBXFileReference; fileEncoding = 4; lastKnownFileType = file.xib; path = LastestProductCollectionViewCell.xib; sourceTree = "<group>"; };
		FF56975126451DE1003CE928 /* ProductCollectionViewCell.swift */ = {isa = PBXFileReference; fileEncoding = 4; lastKnownFileType = sourcecode.swift; path = ProductCollectionViewCell.swift; sourceTree = "<group>"; };
		FF56975226451DE2003CE928 /* ProductCollectionViewCell.xib */ = {isa = PBXFileReference; fileEncoding = 4; lastKnownFileType = file.xib; path = ProductCollectionViewCell.xib; sourceTree = "<group>"; };
		FF8D22F9264A828E0072D5D3 /* OrderSuccessPage.storyboard */ = {isa = PBXFileReference; fileEncoding = 4; lastKnownFileType = file.storyboard; path = OrderSuccessPage.storyboard; sourceTree = "<group>"; };
		FF8D22FB264A83D00072D5D3 /* IntroPageViewController.swift */ = {isa = PBXFileReference; fileEncoding = 4; lastKnownFileType = sourcecode.swift; path = IntroPageViewController.swift; sourceTree = "<group>"; };
		FF8D22FC264A83D00072D5D3 /* OrderSuccessViewController.swift */ = {isa = PBXFileReference; fileEncoding = 4; lastKnownFileType = sourcecode.swift; path = OrderSuccessViewController.swift; sourceTree = "<group>"; };
		FF8D2300264A83FF0072D5D3 /* DrawIntroPage.swift */ = {isa = PBXFileReference; fileEncoding = 4; lastKnownFileType = sourcecode.swift; path = DrawIntroPage.swift; sourceTree = "<group>"; };
		FF8D2301264A83FF0072D5D3 /* IntroPageUIView.swift */ = {isa = PBXFileReference; fileEncoding = 4; lastKnownFileType = sourcecode.swift; path = IntroPageUIView.swift; sourceTree = "<group>"; };
		FF8D2305264A84100072D5D3 /* IntroPage.storyboard */ = {isa = PBXFileReference; fileEncoding = 4; lastKnownFileType = file.storyboard; path = IntroPage.storyboard; sourceTree = "<group>"; };
		FF8D230B264B5DB90072D5D3 /* CartTableViewCell.xib */ = {isa = PBXFileReference; fileEncoding = 4; lastKnownFileType = file.xib; path = CartTableViewCell.xib; sourceTree = "<group>"; };
		FF8D230C264B5DB90072D5D3 /* CartTableViewCell.swift */ = {isa = PBXFileReference; fileEncoding = 4; lastKnownFileType = sourcecode.swift; path = CartTableViewCell.swift; sourceTree = "<group>"; };
		FF8D2310264B5E180072D5D3 /* CoreDataManager.swift */ = {isa = PBXFileReference; fileEncoding = 4; lastKnownFileType = sourcecode.swift; path = CoreDataManager.swift; sourceTree = "<group>"; };
		FF8D2312264B5E3B0072D5D3 /* NSManagedObjectContext+Extension.swift */ = {isa = PBXFileReference; fileEncoding = 4; lastKnownFileType = sourcecode.swift; path = "NSManagedObjectContext+Extension.swift"; sourceTree = "<group>"; };
		FF8D2315264B5E540072D5D3 /* CartModel.swift */ = {isa = PBXFileReference; fileEncoding = 4; lastKnownFileType = sourcecode.swift; path = CartModel.swift; sourceTree = "<group>"; };
		FF8D231C264B8C4C0072D5D3 /* RootTabbarViewController.swift */ = {isa = PBXFileReference; fileEncoding = 4; lastKnownFileType = sourcecode.swift; path = RootTabbarViewController.swift; sourceTree = "<group>"; };
		FF8D233B264CC2F10072D5D3 /* TextFielDigitCode.swift */ = {isa = PBXFileReference; fileEncoding = 4; lastKnownFileType = sourcecode.swift; path = TextFielDigitCode.swift; sourceTree = "<group>"; };
		FF8D233C264CC2F10072D5D3 /* TextFielDigitCode.xib */ = {isa = PBXFileReference; fileEncoding = 4; lastKnownFileType = file.xib; path = TextFielDigitCode.xib; sourceTree = "<group>"; };
		FF8D2342264CC5AA0072D5D3 /* FirebaseManager.swift */ = {isa = PBXFileReference; lastKnownFileType = sourcecode.swift; path = FirebaseManager.swift; sourceTree = "<group>"; };
		FF8D2344264CD2B50072D5D3 /* Category.swift */ = {isa = PBXFileReference; lastKnownFileType = sourcecode.swift; path = Category.swift; sourceTree = "<group>"; };
		FF8D2346264D2AF40072D5D3 /* ProductModel.swift */ = {isa = PBXFileReference; lastKnownFileType = sourcecode.swift; path = ProductModel.swift; sourceTree = "<group>"; };
		FF8D2348264D60F00072D5D3 /* UIColor+Extension.swift */ = {isa = PBXFileReference; lastKnownFileType = sourcecode.swift; path = "UIColor+Extension.swift"; sourceTree = "<group>"; };
		FF8D234A264E1D3E0072D5D3 /* ProductColor.swift */ = {isa = PBXFileReference; lastKnownFileType = sourcecode.swift; path = ProductColor.swift; sourceTree = "<group>"; };
		FFA4FE9326491FBE005F767F /* UpdateUserInformationViewController.swift */ = {isa = PBXFileReference; fileEncoding = 4; lastKnownFileType = sourcecode.swift; path = UpdateUserInformationViewController.swift; sourceTree = "<group>"; };
		FFA4FE9526491FC4005F767F /* UserInformationViewController.swift */ = {isa = PBXFileReference; fileEncoding = 4; lastKnownFileType = sourcecode.swift; path = UserInformationViewController.swift; sourceTree = "<group>"; };
		FFA4FE9726491FD6005F767F /* OrderHistoryViewController.swift */ = {isa = PBXFileReference; fileEncoding = 4; lastKnownFileType = sourcecode.swift; path = OrderHistoryViewController.swift; sourceTree = "<group>"; };
		FFA4FE9A26491FF2005F767F /* ToastMessageTableViewCell.swift */ = {isa = PBXFileReference; fileEncoding = 4; lastKnownFileType = sourcecode.swift; path = ToastMessageTableViewCell.swift; sourceTree = "<group>"; };
		FFA4FE9B26491FF2005F767F /* ToastMessageTableViewCell.xib */ = {isa = PBXFileReference; fileEncoding = 4; lastKnownFileType = file.xib; path = ToastMessageTableViewCell.xib; sourceTree = "<group>"; };
		FFA4FEA026492113005F767F /* OrderHistoryTableViewCell.swift */ = {isa = PBXFileReference; fileEncoding = 4; lastKnownFileType = sourcecode.swift; path = OrderHistoryTableViewCell.swift; sourceTree = "<group>"; };
		FFA4FEA126492113005F767F /* OrderHistoryTableViewCell.xib */ = {isa = PBXFileReference; fileEncoding = 4; lastKnownFileType = file.xib; path = OrderHistoryTableViewCell.xib; sourceTree = "<group>"; };
/* End PBXFileReference section */

/* Begin PBXFrameworksBuildPhase section */
		E26B1D192644CD240001ABE0 /* Frameworks */ = {
			isa = PBXFrameworksBuildPhase;
			buildActionMask = 2147483647;
			files = (
				6470F35E264E767D00362E05 /* FacebookLogin in Frameworks */,
				3E6E5F471A16F0F76B5966AB /* Pods_shoe_shop2.framework in Frameworks */,
				FF8D2393264EBF7B0072D5D3 /* SkeletonView in Frameworks */,
				E26B1D832644D79C0001ABE0 /* FirebaseAuth in Frameworks */,
				FF8D2396264FD5280072D5D3 /* SDWebImage in Frameworks */,
				6470F35C264E767D00362E05 /* FacebookCore in Frameworks */,
				FF8D2336264CB9590072D5D3 /* RAMAnimatedTabBarController in Frameworks */,
				E26B1D852644D79C0001ABE0 /* FirebaseDatabase in Frameworks */,
				E26B1D812644D79C0001ABE0 /* FirebaseStorage in Frameworks */,
			);
			runOnlyForDeploymentPostprocessing = 0;
		};
/* End PBXFrameworksBuildPhase section */

/* Begin PBXGroup section */
		000D90E48CA4069379E02700 /* Pods */ = {
			isa = PBXGroup;
			children = (
				D8979702779FF1451663FB4A /* Pods-shoe_shop2.debug.xcconfig */,
				C953906715561AC4DC177CA8 /* Pods-shoe_shop2.release.xcconfig */,
			);
			path = Pods;
			sourceTree = "<group>";
		};
		534782A2264E623700BE8FC4 /* CustomCheckBox */ = {
			isa = PBXGroup;
			children = (
				534782A3264E623700BE8FC4 /* CheckBox.swift */,
			);
			path = CustomCheckBox;
			sourceTree = "<group>";
		};
		64EB8251264822FB001B1B05 /* PaymentMethodViews */ = {
			isa = PBXGroup;
			children = (
				64EB82532648232D001B1B05 /* ByOnline */,
				64EB82522648230E001B1B05 /* ByCash */,
			);
			path = PaymentMethodViews;
			sourceTree = "<group>";
		};
		64EB82522648230E001B1B05 /* ByCash */ = {
			isa = PBXGroup;
			children = (
				64EB825426482372001B1B05 /* PaymentCashMethod.xib */,
				64EB82572648239E001B1B05 /* PaymentCashMethod.swift */,
			);
			path = ByCash;
			sourceTree = "<group>";
		};
		64EB82532648232D001B1B05 /* ByOnline */ = {
			isa = PBXGroup;
			children = (
				64EB825A26482ACE001B1B05 /* PaymentOnlineMethod.xib */,
				64EB825D26482AE4001B1B05 /* PaymentOnineMethod.swift */,
			);
			path = ByOnline;
			sourceTree = "<group>";
		};
		AFF508999D3B900307627D44 /* Frameworks */ = {
			isa = PBXGroup;
			children = (
				B2CB90B04F335B545CF44921 /* Pods_shoe_shop2.framework */,
			);
			name = Frameworks;
			sourceTree = "<group>";
		};
		E26B1D132644CD240001ABE0 = {
			isa = PBXGroup;
			children = (
				E26B1D1E2644CD240001ABE0 /* shoe_shop2 */,
				E26B1D1D2644CD240001ABE0 /* Products */,
				000D90E48CA4069379E02700 /* Pods */,
				AFF508999D3B900307627D44 /* Frameworks */,
			);
			sourceTree = "<group>";
		};
		E26B1D1D2644CD240001ABE0 /* Products */ = {
			isa = PBXGroup;
			children = (
				E26B1D1C2644CD240001ABE0 /* shoe_shop2.app */,
			);
			name = Products;
			sourceTree = "<group>";
		};
		E26B1D1E2644CD240001ABE0 /* shoe_shop2 */ = {
			isa = PBXGroup;
			children = (
				FF8D2341264CC59C0072D5D3 /* FirebaseManager */,
				E26B1D3D2644CD520001ABE0 /* Resource */,
				E26B1D3C2644CD480001ABE0 /* Extension */,
				FF8D230F264B5E180072D5D3 /* DataLocalManager */,
				E26B1D3B2644CD440001ABE0 /* Helper */,
				E26B1D3A2644CD400001ABE0 /* Util */,
				E26B1D392644CD3C0001ABE0 /* Controller */,
				E26B1D382644CD380001ABE0 /* View */,
				E26B1D372644CD340001ABE0 /* Model */,
				E26B1D302644CD280001ABE0 /* Info.plist */,
				E26B1D7B2644D45D0001ABE0 /* GoogleService-Info.plist */,
				E26B1D282644CD240001ABE0 /* shoe_shop2.xcdatamodeld */,
			);
			path = shoe_shop2;
			sourceTree = "<group>";
		};
		E26B1D372644CD340001ABE0 /* Model */ = {
			isa = PBXGroup;
			children = (
				FF8D2314264B5E540072D5D3 /* Cart */,
				FF8D2344264CD2B50072D5D3 /* Category.swift */,
			);
			path = Model;
			sourceTree = "<group>";
		};
		E26B1D382644CD380001ABE0 /* View */ = {
			isa = PBXGroup;
			children = (
				534782A2264E623700BE8FC4 /* CustomCheckBox */,
				FF8D233A264CC2F10072D5D3 /* CustomTexfieldDigitCode */,
				E270115D264BB14E0089E500 /* ReviewPage */,
				FF8D22F8264A828E0072D5D3 /* OrderSuccessPage */,
				64EB8251264822FB001B1B05 /* PaymentMethodViews */,
				E2F61FE426454E5A001CE7E5 /* CustomSwitch */,
				E2F61FDE26454E44001CE7E5 /* CustomTextField */,
				E26B1D462644CF040001ABE0 /* AuthPage */,
				E26B1D452644CEFE0001ABE0 /* CheckoutPage */,
				E26B1D442644CEEC0001ABE0 /* DetailProductPage */,
				E26B1D432644CE840001ABE0 /* AccountPage */,
				E26B1D422644CE780001ABE0 /* NotificationPage */,
				E26B1D412644CE730001ABE0 /* CartPage */,
				E26B1D402644CE4A0001ABE0 /* HomePage */,
				E26B1D3E2644CD770001ABE0 /* Storyboard */,
				FF8D22FF264A83FF0072D5D3 /* DrawIntroPage */,
				FF8D2304264A84100072D5D3 /* IntroPage */,
			);
			path = View;
			sourceTree = "<group>";
		};
		E26B1D392644CD3C0001ABE0 /* Controller */ = {
			isa = PBXGroup;
			children = (
				FF8D231C264B8C4C0072D5D3 /* RootTabbarViewController.swift */,
				FF8D22FB264A83D00072D5D3 /* IntroPageViewController.swift */,
				FF8D22FC264A83D00072D5D3 /* OrderSuccessViewController.swift */,
				64E0F81A264A3ED600005B0B /* ChangeShipAddressViewController.swift */,
				E2F61FD426454DE8001CE7E5 /* LoginViewController.swift */,
				E2F61FD526454DE8001CE7E5 /* SignUpViewController.swift */,
				E2F61FD126454DDB001CE7E5 /* HomeLoginViewController.swift */,
				E26B1D652644CFCF0001ABE0 /* CheckoutViewController.swift */,
				E26B1D682644CFDA0001ABE0 /* DetailProductViewController.swift */,
				FFA4FE9726491FD6005F767F /* OrderHistoryViewController.swift */,
				E26B1D6B2644CFFD0001ABE0 /* AccountViewController.swift */,
				FFA4FE9526491FC4005F767F /* UserInformationViewController.swift */,
				FFA4FE9326491FBE005F767F /* UpdateUserInformationViewController.swift */,
				E26B1D6E2644D0080001ABE0 /* NotificationViewController.swift */,
				E26B1D712644D0130001ABE0 /* CartViewController.swift */,
				E26B1D742644D01F0001ABE0 /* HomepageViewController.swift */,
				64ABB2E2264AD1600000F5AC /* ForgotPasswordViewController.swift */,
				E2701162264BB2010089E500 /* ReviewViewController.swift */,
				E2701184264BF60A0089E500 /* ReviewDetailViewController.swift */,
			);
			path = Controller;
			sourceTree = "<group>";
		};
		E26B1D3A2644CD400001ABE0 /* Util */ = {
			isa = PBXGroup;
			children = (
				E26B1DB72644DC5E0001ABE0 /* Constant.swift */,
			);
			path = Util;
			sourceTree = "<group>";
		};
		E26B1D3B2644CD440001ABE0 /* Helper */ = {
			isa = PBXGroup;
			children = (
				E26B1D1F2644CD240001ABE0 /* AppDelegate.swift */,
				E26B1D212644CD240001ABE0 /* SceneDelegate.swift */,
			);
			path = Helper;
			sourceTree = "<group>";
		};
		E26B1D3C2644CD480001ABE0 /* Extension */ = {
			isa = PBXGroup;
			children = (
				E2701152264BAF2F0089E500 /* UILabel+Extension.swift */,
				FF8D2312264B5E3B0072D5D3 /* NSManagedObjectContext+Extension.swift */,
				E26B1DB12644DC170001ABE0 /* UIView+Extension.swift */,
				E26B1DB42644DC280001ABE0 /* UIImageView+Extension.swift */,
				FF8D2348264D60F00072D5D3 /* UIColor+Extension.swift */,
			);
			path = Extension;
			sourceTree = "<group>";
		};
		E26B1D3D2644CD520001ABE0 /* Resource */ = {
			isa = PBXGroup;
			children = (
				E26B1D2B2644CD280001ABE0 /* Assets.xcassets */,
			);
			path = Resource;
			sourceTree = "<group>";
		};
		E26B1D3E2644CD770001ABE0 /* Storyboard */ = {
			isa = PBXGroup;
			children = (
				E26B1D252644CD240001ABE0 /* Main.storyboard */,
				E26B1D2D2644CD280001ABE0 /* LaunchScreen.storyboard */,
			);
			path = Storyboard;
			sourceTree = "<group>";
		};
		E26B1D402644CE4A0001ABE0 /* HomePage */ = {
			isa = PBXGroup;
			children = (
				FF56974826451DBC003CE928 /* ProductCell */,
				FF56974726451DB4003CE928 /* LastestProductCell */,
				FF56974626451DA3003CE928 /* CategoriesCell */,
				E26B1D472644CF470001ABE0 /* HomePage.storyboard */,
			);
			path = HomePage;
			sourceTree = "<group>";
		};
		E26B1D412644CE730001ABE0 /* CartPage */ = {
			isa = PBXGroup;
			children = (
				FF8D230A264B5DB90072D5D3 /* CartCell */,
				E26B1D4A2644CF500001ABE0 /* CartPage.storyboard */,
			);
			path = CartPage;
			sourceTree = "<group>";
		};
		E26B1D422644CE780001ABE0 /* NotificationPage */ = {
			isa = PBXGroup;
			children = (
				FFA4FE9926491FF2005F767F /* ToastMessageCell */,
				E26B1D4D2644CF570001ABE0 /* Notification.storyboard */,
			);
			path = NotificationPage;
			sourceTree = "<group>";
		};
		E26B1D432644CE840001ABE0 /* AccountPage */ = {
			isa = PBXGroup;
			children = (
				FFA4FE9F26492113005F767F /* OrderHistory */,
				FFA4FE9E26492113005F767F /* UpdateUserInfo */,
				E26B1D502644CF630001ABE0 /* AccountPage.storyboard */,
			);
			path = AccountPage;
			sourceTree = "<group>";
		};
		E26B1D442644CEEC0001ABE0 /* DetailProductPage */ = {
			isa = PBXGroup;
			children = (
				E26B1D532644CF6D0001ABE0 /* DetailProduct.storyboard */,
			);
			path = DetailProductPage;
			sourceTree = "<group>";
		};
		E26B1D452644CEFE0001ABE0 /* CheckoutPage */ = {
			isa = PBXGroup;
			children = (
				E26B1D562644CF740001ABE0 /* Checkout.storyboard */,
			);
			path = CheckoutPage;
			sourceTree = "<group>";
		};
		E26B1D462644CF040001ABE0 /* AuthPage */ = {
			isa = PBXGroup;
			children = (
				E2F61FDB26454E28001CE7E5 /* HomeLogin.storyboard */,
				64ABB2DF264AD0620000F5AC /* ForgotPassword.storyboard */,
			);
			path = AuthPage;
			sourceTree = "<group>";
		};
		E270115D264BB14E0089E500 /* ReviewPage */ = {
			isa = PBXGroup;
			children = (
				E2701177264BE05D0089E500 /* ReviewDetail */,
				E270116C264BCB2C0089E500 /* ViewHeaderCustom */,
				E2701165264BB83A0089E500 /* ReviewCell */,
				E270115F264BB1C60089E500 /* ReviewPage.storyboard */,
			);
			path = ReviewPage;
			sourceTree = "<group>";
		};
		E2701165264BB83A0089E500 /* ReviewCell */ = {
			isa = PBXGroup;
			children = (
				E2701166264BB8510089E500 /* ReviewTableViewCell.swift */,
				E2701167264BB8510089E500 /* ReviewTableViewCell.xib */,
			);
			path = ReviewCell;
			sourceTree = "<group>";
		};
		E270116C264BCB2C0089E500 /* ViewHeaderCustom */ = {
			isa = PBXGroup;
			children = (
				E2701171264BCBC80089E500 /* CustomHeaderTableView.xib */,
				E2701174264BD0450089E500 /* CustomHeaderTableView.swift */,
			);
			path = ViewHeaderCustom;
			sourceTree = "<group>";
		};
		E2701177264BE05D0089E500 /* ReviewDetail */ = {
			isa = PBXGroup;
			children = (
				E270117E264BE4B50089E500 /* ReviewDetailPage.storyboard */,
				E2701181264BF4BA0089E500 /* CustomPresentation.swift */,
			);
			path = ReviewDetail;
			sourceTree = "<group>";
		};
		E2F61FDE26454E44001CE7E5 /* CustomTextField */ = {
			isa = PBXGroup;
			children = (
				E2F61FDF26454E51001CE7E5 /* CustomTextField.swift */,
				E2F61FE026454E51001CE7E5 /* CustomTextField.xib */,
			);
			path = CustomTextField;
			sourceTree = "<group>";
		};
		E2F61FE426454E5A001CE7E5 /* CustomSwitch */ = {
			isa = PBXGroup;
			children = (
				E2F61FE526454E62001CE7E5 /* CustomSwitch.swift */,
			);
			path = CustomSwitch;
			sourceTree = "<group>";
		};
		FF56974626451DA3003CE928 /* CategoriesCell */ = {
			isa = PBXGroup;
			children = (
				FF56974A26451DCC003CE928 /* CategoriesCollectionViewCell.swift */,
				FF56974926451DCC003CE928 /* CategoriesCollectionViewCell.xib */,
			);
			path = CategoriesCell;
			sourceTree = "<group>";
		};
		FF56974726451DB4003CE928 /* LastestProductCell */ = {
			isa = PBXGroup;
			children = (
				FF56974D26451DD5003CE928 /* LastestProductCollectionViewCell.swift */,
				FF56974E26451DD5003CE928 /* LastestProductCollectionViewCell.xib */,
			);
			path = LastestProductCell;
			sourceTree = "<group>";
		};
		FF56974826451DBC003CE928 /* ProductCell */ = {
			isa = PBXGroup;
			children = (
				FF56975126451DE1003CE928 /* ProductCollectionViewCell.swift */,
				FF56975226451DE2003CE928 /* ProductCollectionViewCell.xib */,
			);
			path = ProductCell;
			sourceTree = "<group>";
		};
		FF8D22F8264A828E0072D5D3 /* OrderSuccessPage */ = {
			isa = PBXGroup;
			children = (
				FF8D22F9264A828E0072D5D3 /* OrderSuccessPage.storyboard */,
			);
			path = OrderSuccessPage;
			sourceTree = "<group>";
		};
		FF8D22FF264A83FF0072D5D3 /* DrawIntroPage */ = {
			isa = PBXGroup;
			children = (
				FF8D2300264A83FF0072D5D3 /* DrawIntroPage.swift */,
				FF8D2301264A83FF0072D5D3 /* IntroPageUIView.swift */,
			);
			path = DrawIntroPage;
			sourceTree = "<group>";
		};
		FF8D2304264A84100072D5D3 /* IntroPage */ = {
			isa = PBXGroup;
			children = (
				FF8D2305264A84100072D5D3 /* IntroPage.storyboard */,
			);
			path = IntroPage;
			sourceTree = "<group>";
		};
		FF8D230A264B5DB90072D5D3 /* CartCell */ = {
			isa = PBXGroup;
			children = (
				FF8D230B264B5DB90072D5D3 /* CartTableViewCell.xib */,
				FF8D230C264B5DB90072D5D3 /* CartTableViewCell.swift */,
			);
			path = CartCell;
			sourceTree = "<group>";
		};
		FF8D230F264B5E180072D5D3 /* DataLocalManager */ = {
			isa = PBXGroup;
			children = (
				FF8D2310264B5E180072D5D3 /* CoreDataManager.swift */,
			);
			path = DataLocalManager;
			sourceTree = "<group>";
		};
		FF8D2314264B5E540072D5D3 /* Cart */ = {
			isa = PBXGroup;
			children = (
				FF8D2315264B5E540072D5D3 /* CartModel.swift */,
				FF8D2346264D2AF40072D5D3 /* ProductModel.swift */,
				FF8D234A264E1D3E0072D5D3 /* ProductColor.swift */,
			);
			path = Cart;
			sourceTree = "<group>";
		};
		FF8D233A264CC2F10072D5D3 /* CustomTexfieldDigitCode */ = {
			isa = PBXGroup;
			children = (
				FF8D233B264CC2F10072D5D3 /* TextFielDigitCode.swift */,
				FF8D233C264CC2F10072D5D3 /* TextFielDigitCode.xib */,
			);
			path = CustomTexfieldDigitCode;
			sourceTree = "<group>";
		};
		FF8D2341264CC59C0072D5D3 /* FirebaseManager */ = {
			isa = PBXGroup;
			children = (
				FF8D2342264CC5AA0072D5D3 /* FirebaseManager.swift */,
			);
			path = FirebaseManager;
			sourceTree = "<group>";
		};
		FFA4FE9926491FF2005F767F /* ToastMessageCell */ = {
			isa = PBXGroup;
			children = (
				FFA4FE9A26491FF2005F767F /* ToastMessageTableViewCell.swift */,
				FFA4FE9B26491FF2005F767F /* ToastMessageTableViewCell.xib */,
			);
			path = ToastMessageCell;
			sourceTree = "<group>";
		};
		FFA4FE9E26492113005F767F /* UpdateUserInfo */ = {
			isa = PBXGroup;
			children = (
			);
			path = UpdateUserInfo;
			sourceTree = "<group>";
		};
		FFA4FE9F26492113005F767F /* OrderHistory */ = {
			isa = PBXGroup;
			children = (
				FFA4FEA026492113005F767F /* OrderHistoryTableViewCell.swift */,
				FFA4FEA126492113005F767F /* OrderHistoryTableViewCell.xib */,
			);
			path = OrderHistory;
			sourceTree = "<group>";
		};
/* End PBXGroup section */

/* Begin PBXNativeTarget section */
		E26B1D1B2644CD240001ABE0 /* shoe_shop2 */ = {
			isa = PBXNativeTarget;
			buildConfigurationList = E26B1D332644CD280001ABE0 /* Build configuration list for PBXNativeTarget "shoe_shop2" */;
			buildPhases = (
				541B8FEDAF60450338948CAA /* [CP] Check Pods Manifest.lock */,
				E26B1D182644CD240001ABE0 /* Sources */,
				E26B1D192644CD240001ABE0 /* Frameworks */,
				E26B1D1A2644CD240001ABE0 /* Resources */,
				644225C8AE1A996DF537896E /* [CP] Embed Pods Frameworks */,
			);
			buildRules = (
			);
			dependencies = (
			);
			name = shoe_shop2;
			packageProductDependencies = (
				E26B1D802644D79C0001ABE0 /* FirebaseStorage */,
				E26B1D822644D79C0001ABE0 /* FirebaseAuth */,
				E26B1D842644D79C0001ABE0 /* FirebaseDatabase */,
				FF8D2335264CB9590072D5D3 /* RAMAnimatedTabBarController */,
				FF8D2392264EBF7B0072D5D3 /* SkeletonView */,
				FF8D2395264FD5280072D5D3 /* SDWebImage */,
				6470F35B264E767D00362E05 /* FacebookCore */,
				6470F35D264E767D00362E05 /* FacebookLogin */,
			);
			productName = shoe_shop2;
			productReference = E26B1D1C2644CD240001ABE0 /* shoe_shop2.app */;
			productType = "com.apple.product-type.application";
		};
/* End PBXNativeTarget section */

/* Begin PBXProject section */
		E26B1D142644CD240001ABE0 /* Project object */ = {
			isa = PBXProject;
			attributes = {
				LastSwiftUpdateCheck = 1240;
				LastUpgradeCheck = 1240;
				TargetAttributes = {
					E26B1D1B2644CD240001ABE0 = {
						CreatedOnToolsVersion = 12.4;
					};
				};
			};
			buildConfigurationList = E26B1D172644CD240001ABE0 /* Build configuration list for PBXProject "shoe_shop2" */;
			compatibilityVersion = "Xcode 9.3";
			developmentRegion = en;
			hasScannedForEncodings = 0;
			knownRegions = (
				en,
				Base,
			);
			mainGroup = E26B1D132644CD240001ABE0;
			packageReferences = (
				E26B1D7F2644D79C0001ABE0 /* XCRemoteSwiftPackageReference "firebase-ios-sdk" */,
				FF8D2334264CB9590072D5D3 /* XCRemoteSwiftPackageReference "animated-tab-bar" */,
				FF8D2391264EBF7B0072D5D3 /* XCRemoteSwiftPackageReference "SkeletonView" */,
				6470F35A264E767D00362E05 /* XCRemoteSwiftPackageReference "facebook-ios-sdk" */,
				FF8D2394264FD5270072D5D3 /* XCRemoteSwiftPackageReference "SDWebImage" */,
			);
			productRefGroup = E26B1D1D2644CD240001ABE0 /* Products */;
			projectDirPath = "";
			projectRoot = "";
			targets = (
				E26B1D1B2644CD240001ABE0 /* shoe_shop2 */,
			);
		};
/* End PBXProject section */

/* Begin PBXResourcesBuildPhase section */
		E26B1D1A2644CD240001ABE0 /* Resources */ = {
			isa = PBXResourcesBuildPhase;
			buildActionMask = 2147483647;
			files = (
				E26B1D482644CF470001ABE0 /* HomePage.storyboard in Resources */,
				FF56975026451DD5003CE928 /* LastestProductCollectionViewCell.xib in Resources */,
				E26B1D2F2644CD280001ABE0 /* LaunchScreen.storyboard in Resources */,
				E26B1D2C2644CD280001ABE0 /* Assets.xcassets in Resources */,
				E2F61FE226454E51001CE7E5 /* CustomTextField.xib in Resources */,
				E26B1D542644CF6D0001ABE0 /* DetailProduct.storyboard in Resources */,
				FFA4FE9D26491FF2005F767F /* ToastMessageTableViewCell.xib in Resources */,
				FF8D22FA264A828E0072D5D3 /* OrderSuccessPage.storyboard in Resources */,
				FF8D230D264B5DB90072D5D3 /* CartTableViewCell.xib in Resources */,
				E270117F264BE4B50089E500 /* ReviewDetailPage.storyboard in Resources */,
				64ABB2E0264AD0620000F5AC /* ForgotPassword.storyboard in Resources */,
				E26B1D7C2644D45D0001ABE0 /* GoogleService-Info.plist in Resources */,
				64EB825526482372001B1B05 /* PaymentCashMethod.xib in Resources */,
				FF8D2306264A84100072D5D3 /* IntroPage.storyboard in Resources */,
				FF56974B26451DCC003CE928 /* CategoriesCollectionViewCell.xib in Resources */,
				FF8D233E264CC2F10072D5D3 /* TextFielDigitCode.xib in Resources */,
				E2701160264BB1C60089E500 /* ReviewPage.storyboard in Resources */,
				E26B1D572644CF740001ABE0 /* Checkout.storyboard in Resources */,
				FF56975426451DE2003CE928 /* ProductCollectionViewCell.xib in Resources */,
				FFA4FEA326492113005F767F /* OrderHistoryTableViewCell.xib in Resources */,
				E26B1D4B2644CF500001ABE0 /* CartPage.storyboard in Resources */,
				E2F61FDC26454E28001CE7E5 /* HomeLogin.storyboard in Resources */,
				E26B1D272644CD240001ABE0 /* Main.storyboard in Resources */,
				E2701172264BCBC80089E500 /* CustomHeaderTableView.xib in Resources */,
				64EB825B26482ACE001B1B05 /* PaymentOnlineMethod.xib in Resources */,
				E2701169264BB8510089E500 /* ReviewTableViewCell.xib in Resources */,
				E26B1D512644CF630001ABE0 /* AccountPage.storyboard in Resources */,
				E26B1D4E2644CF570001ABE0 /* Notification.storyboard in Resources */,
			);
			runOnlyForDeploymentPostprocessing = 0;
		};
/* End PBXResourcesBuildPhase section */

/* Begin PBXShellScriptBuildPhase section */
		541B8FEDAF60450338948CAA /* [CP] Check Pods Manifest.lock */ = {
			isa = PBXShellScriptBuildPhase;
			buildActionMask = 2147483647;
			files = (
			);
			inputFileListPaths = (
			);
			inputPaths = (
				"${PODS_PODFILE_DIR_PATH}/Podfile.lock",
				"${PODS_ROOT}/Manifest.lock",
			);
			name = "[CP] Check Pods Manifest.lock";
			outputFileListPaths = (
			);
			outputPaths = (
				"$(DERIVED_FILE_DIR)/Pods-shoe_shop2-checkManifestLockResult.txt",
			);
			runOnlyForDeploymentPostprocessing = 0;
			shellPath = /bin/sh;
			shellScript = "diff \"${PODS_PODFILE_DIR_PATH}/Podfile.lock\" \"${PODS_ROOT}/Manifest.lock\" > /dev/null\nif [ $? != 0 ] ; then\n    # print error to STDERR\n    echo \"error: The sandbox is not in sync with the Podfile.lock. Run 'pod install' or update your CocoaPods installation.\" >&2\n    exit 1\nfi\n# This output is used by Xcode 'outputs' to avoid re-running this script phase.\necho \"SUCCESS\" > \"${SCRIPT_OUTPUT_FILE_0}\"\n";
			showEnvVarsInLog = 0;
		};
		644225C8AE1A996DF537896E /* [CP] Embed Pods Frameworks */ = {
			isa = PBXShellScriptBuildPhase;
			buildActionMask = 2147483647;
			files = (
			);
			inputFileListPaths = (
				"${PODS_ROOT}/Target Support Files/Pods-shoe_shop2/Pods-shoe_shop2-frameworks-${CONFIGURATION}-input-files.xcfilelist",
			);
			name = "[CP] Embed Pods Frameworks";
			outputFileListPaths = (
				"${PODS_ROOT}/Target Support Files/Pods-shoe_shop2/Pods-shoe_shop2-frameworks-${CONFIGURATION}-output-files.xcfilelist",
			);
			runOnlyForDeploymentPostprocessing = 0;
			shellPath = /bin/sh;
			shellScript = "\"${PODS_ROOT}/Target Support Files/Pods-shoe_shop2/Pods-shoe_shop2-frameworks.sh\"\n";
			showEnvVarsInLog = 0;
		};
/* End PBXShellScriptBuildPhase section */

/* Begin PBXSourcesBuildPhase section */
		E26B1D182644CD240001ABE0 /* Sources */ = {
			isa = PBXSourcesBuildPhase;
			buildActionMask = 2147483647;
			files = (
				FF8D2349264D60F00072D5D3 /* UIColor+Extension.swift in Sources */,
				64EB82582648239E001B1B05 /* PaymentCashMethod.swift in Sources */,
				E2701153264BAF2F0089E500 /* UILabel+Extension.swift in Sources */,
				FF8D234B264E1D3F0072D5D3 /* ProductColor.swift in Sources */,
				E26B1D2A2644CD240001ABE0 /* shoe_shop2.xcdatamodeld in Sources */,
				64E0F81B264A3ED600005B0B /* ChangeShipAddressViewController.swift in Sources */,
				FF56974F26451DD5003CE928 /* LastestProductCollectionViewCell.swift in Sources */,
				FF56974C26451DCC003CE928 /* CategoriesCollectionViewCell.swift in Sources */,
				FF8D2302264A83FF0072D5D3 /* DrawIntroPage.swift in Sources */,
				FFA4FE9626491FC4005F767F /* UserInformationViewController.swift in Sources */,
				FF8D2313264B5E3B0072D5D3 /* NSManagedObjectContext+Extension.swift in Sources */,
				FF8D230E264B5DB90072D5D3 /* CartTableViewCell.swift in Sources */,
				E26B1DB52644DC280001ABE0 /* UIImageView+Extension.swift in Sources */,
				FF8D22FE264A83D00072D5D3 /* OrderSuccessViewController.swift in Sources */,
				FF8D233D264CC2F10072D5D3 /* TextFielDigitCode.swift in Sources */,
				E26B1D752644D01F0001ABE0 /* HomepageViewController.swift in Sources */,
				E26B1D722644D0130001ABE0 /* CartViewController.swift in Sources */,
				E26B1D6C2644CFFD0001ABE0 /* AccountViewController.swift in Sources */,
				E2701185264BF60A0089E500 /* ReviewDetailViewController.swift in Sources */,
				FF8D2345264CD2B50072D5D3 /* Category.swift in Sources */,
				E2F61FD626454DE9001CE7E5 /* LoginViewController.swift in Sources */,
				FF8D2316264B5E540072D5D3 /* CartModel.swift in Sources */,
				E26B1D692644CFDA0001ABE0 /* DetailProductViewController.swift in Sources */,
				FF8D2343264CC5AA0072D5D3 /* FirebaseManager.swift in Sources */,
				FFA4FEA226492113005F767F /* OrderHistoryTableViewCell.swift in Sources */,
				E26B1DB82644DC5E0001ABE0 /* Constant.swift in Sources */,
				E26B1DB22644DC170001ABE0 /* UIView+Extension.swift in Sources */,
				FF8D231D264B8C4C0072D5D3 /* RootTabbarViewController.swift in Sources */,
				E2701163264BB2010089E500 /* ReviewViewController.swift in Sources */,
				E2F61FE626454E62001CE7E5 /* CustomSwitch.swift in Sources */,
				E2F61FE126454E51001CE7E5 /* CustomTextField.swift in Sources */,
				E26B1D202644CD240001ABE0 /* AppDelegate.swift in Sources */,
				64EB825E26482AE4001B1B05 /* PaymentOnineMethod.swift in Sources */,
				FF8D2347264D2AF50072D5D3 /* ProductModel.swift in Sources */,
				E2701175264BD0450089E500 /* CustomHeaderTableView.swift in Sources */,
				E26B1D6F2644D0080001ABE0 /* NotificationViewController.swift in Sources */,
				E2701182264BF4BA0089E500 /* CustomPresentation.swift in Sources */,
				E2F61FD726454DE9001CE7E5 /* SignUpViewController.swift in Sources */,
				E2701168264BB8510089E500 /* ReviewTableViewCell.swift in Sources */,
				FF8D22FD264A83D00072D5D3 /* IntroPageViewController.swift in Sources */,
				FFA4FE9426491FBE005F767F /* UpdateUserInformationViewController.swift in Sources */,
				E26B1D222644CD240001ABE0 /* SceneDelegate.swift in Sources */,
				FFA4FE9826491FD6005F767F /* OrderHistoryViewController.swift in Sources */,
				E2F61FD226454DDB001CE7E5 /* HomeLoginViewController.swift in Sources */,
				534782A4264E623700BE8FC4 /* CheckBox.swift in Sources */,
				64ABB2E3264AD1600000F5AC /* ForgotPasswordViewController.swift in Sources */,
				FFA4FE9C26491FF2005F767F /* ToastMessageTableViewCell.swift in Sources */,
				E26B1D662644CFCF0001ABE0 /* CheckoutViewController.swift in Sources */,
				FF56975326451DE2003CE928 /* ProductCollectionViewCell.swift in Sources */,
				FF8D2311264B5E180072D5D3 /* CoreDataManager.swift in Sources */,
				FF8D2303264A83FF0072D5D3 /* IntroPageUIView.swift in Sources */,
			);
			runOnlyForDeploymentPostprocessing = 0;
		};
/* End PBXSourcesBuildPhase section */

/* Begin PBXVariantGroup section */
		E26B1D252644CD240001ABE0 /* Main.storyboard */ = {
			isa = PBXVariantGroup;
			children = (
				E26B1D262644CD240001ABE0 /* Base */,
			);
			name = Main.storyboard;
			sourceTree = "<group>";
		};
		E26B1D2D2644CD280001ABE0 /* LaunchScreen.storyboard */ = {
			isa = PBXVariantGroup;
			children = (
				E26B1D2E2644CD280001ABE0 /* Base */,
			);
			name = LaunchScreen.storyboard;
			sourceTree = "<group>";
		};
/* End PBXVariantGroup section */

/* Begin XCBuildConfiguration section */
		E26B1D312644CD280001ABE0 /* Debug */ = {
			isa = XCBuildConfiguration;
			buildSettings = {
				ALWAYS_SEARCH_USER_PATHS = NO;
				CLANG_ANALYZER_NONNULL = YES;
				CLANG_ANALYZER_NUMBER_OBJECT_CONVERSION = YES_AGGRESSIVE;
				CLANG_CXX_LANGUAGE_STANDARD = "gnu++14";
				CLANG_CXX_LIBRARY = "libc++";
				CLANG_ENABLE_MODULES = YES;
				CLANG_ENABLE_OBJC_ARC = YES;
				CLANG_ENABLE_OBJC_WEAK = YES;
				CLANG_WARN_BLOCK_CAPTURE_AUTORELEASING = YES;
				CLANG_WARN_BOOL_CONVERSION = YES;
				CLANG_WARN_COMMA = YES;
				CLANG_WARN_CONSTANT_CONVERSION = YES;
				CLANG_WARN_DEPRECATED_OBJC_IMPLEMENTATIONS = YES;
				CLANG_WARN_DIRECT_OBJC_ISA_USAGE = YES_ERROR;
				CLANG_WARN_DOCUMENTATION_COMMENTS = YES;
				CLANG_WARN_EMPTY_BODY = YES;
				CLANG_WARN_ENUM_CONVERSION = YES;
				CLANG_WARN_INFINITE_RECURSION = YES;
				CLANG_WARN_INT_CONVERSION = YES;
				CLANG_WARN_NON_LITERAL_NULL_CONVERSION = YES;
				CLANG_WARN_OBJC_IMPLICIT_RETAIN_SELF = YES;
				CLANG_WARN_OBJC_LITERAL_CONVERSION = YES;
				CLANG_WARN_OBJC_ROOT_CLASS = YES_ERROR;
				CLANG_WARN_QUOTED_INCLUDE_IN_FRAMEWORK_HEADER = YES;
				CLANG_WARN_RANGE_LOOP_ANALYSIS = YES;
				CLANG_WARN_STRICT_PROTOTYPES = YES;
				CLANG_WARN_SUSPICIOUS_MOVE = YES;
				CLANG_WARN_UNGUARDED_AVAILABILITY = YES_AGGRESSIVE;
				CLANG_WARN_UNREACHABLE_CODE = YES;
				CLANG_WARN__DUPLICATE_METHOD_MATCH = YES;
				COPY_PHASE_STRIP = NO;
				DEBUG_INFORMATION_FORMAT = dwarf;
				ENABLE_STRICT_OBJC_MSGSEND = YES;
				ENABLE_TESTABILITY = YES;
				GCC_C_LANGUAGE_STANDARD = gnu11;
				GCC_DYNAMIC_NO_PIC = NO;
				GCC_NO_COMMON_BLOCKS = YES;
				GCC_OPTIMIZATION_LEVEL = 0;
				GCC_PREPROCESSOR_DEFINITIONS = (
					"DEBUG=1",
					"$(inherited)",
				);
				GCC_WARN_64_TO_32_BIT_CONVERSION = YES;
				GCC_WARN_ABOUT_RETURN_TYPE = YES_ERROR;
				GCC_WARN_UNDECLARED_SELECTOR = YES;
				GCC_WARN_UNINITIALIZED_AUTOS = YES_AGGRESSIVE;
				GCC_WARN_UNUSED_FUNCTION = YES;
				GCC_WARN_UNUSED_VARIABLE = YES;
				IPHONEOS_DEPLOYMENT_TARGET = 14.4;
				MTL_ENABLE_DEBUG_INFO = INCLUDE_SOURCE;
				MTL_FAST_MATH = YES;
				ONLY_ACTIVE_ARCH = YES;
				SDKROOT = iphoneos;
				SWIFT_ACTIVE_COMPILATION_CONDITIONS = DEBUG;
				SWIFT_OPTIMIZATION_LEVEL = "-Onone";
			};
			name = Debug;
		};
		E26B1D322644CD280001ABE0 /* Release */ = {
			isa = XCBuildConfiguration;
			buildSettings = {
				ALWAYS_SEARCH_USER_PATHS = NO;
				CLANG_ANALYZER_NONNULL = YES;
				CLANG_ANALYZER_NUMBER_OBJECT_CONVERSION = YES_AGGRESSIVE;
				CLANG_CXX_LANGUAGE_STANDARD = "gnu++14";
				CLANG_CXX_LIBRARY = "libc++";
				CLANG_ENABLE_MODULES = YES;
				CLANG_ENABLE_OBJC_ARC = YES;
				CLANG_ENABLE_OBJC_WEAK = YES;
				CLANG_WARN_BLOCK_CAPTURE_AUTORELEASING = YES;
				CLANG_WARN_BOOL_CONVERSION = YES;
				CLANG_WARN_COMMA = YES;
				CLANG_WARN_CONSTANT_CONVERSION = YES;
				CLANG_WARN_DEPRECATED_OBJC_IMPLEMENTATIONS = YES;
				CLANG_WARN_DIRECT_OBJC_ISA_USAGE = YES_ERROR;
				CLANG_WARN_DOCUMENTATION_COMMENTS = YES;
				CLANG_WARN_EMPTY_BODY = YES;
				CLANG_WARN_ENUM_CONVERSION = YES;
				CLANG_WARN_INFINITE_RECURSION = YES;
				CLANG_WARN_INT_CONVERSION = YES;
				CLANG_WARN_NON_LITERAL_NULL_CONVERSION = YES;
				CLANG_WARN_OBJC_IMPLICIT_RETAIN_SELF = YES;
				CLANG_WARN_OBJC_LITERAL_CONVERSION = YES;
				CLANG_WARN_OBJC_ROOT_CLASS = YES_ERROR;
				CLANG_WARN_QUOTED_INCLUDE_IN_FRAMEWORK_HEADER = YES;
				CLANG_WARN_RANGE_LOOP_ANALYSIS = YES;
				CLANG_WARN_STRICT_PROTOTYPES = YES;
				CLANG_WARN_SUSPICIOUS_MOVE = YES;
				CLANG_WARN_UNGUARDED_AVAILABILITY = YES_AGGRESSIVE;
				CLANG_WARN_UNREACHABLE_CODE = YES;
				CLANG_WARN__DUPLICATE_METHOD_MATCH = YES;
				COPY_PHASE_STRIP = NO;
				DEBUG_INFORMATION_FORMAT = "dwarf-with-dsym";
				ENABLE_NS_ASSERTIONS = NO;
				ENABLE_STRICT_OBJC_MSGSEND = YES;
				GCC_C_LANGUAGE_STANDARD = gnu11;
				GCC_NO_COMMON_BLOCKS = YES;
				GCC_WARN_64_TO_32_BIT_CONVERSION = YES;
				GCC_WARN_ABOUT_RETURN_TYPE = YES_ERROR;
				GCC_WARN_UNDECLARED_SELECTOR = YES;
				GCC_WARN_UNINITIALIZED_AUTOS = YES_AGGRESSIVE;
				GCC_WARN_UNUSED_FUNCTION = YES;
				GCC_WARN_UNUSED_VARIABLE = YES;
				IPHONEOS_DEPLOYMENT_TARGET = 14.4;
				MTL_ENABLE_DEBUG_INFO = NO;
				MTL_FAST_MATH = YES;
				SDKROOT = iphoneos;
				SWIFT_COMPILATION_MODE = wholemodule;
				SWIFT_OPTIMIZATION_LEVEL = "-O";
				VALIDATE_PRODUCT = YES;
			};
			name = Release;
		};
		E26B1D342644CD280001ABE0 /* Debug */ = {
			isa = XCBuildConfiguration;
			baseConfigurationReference = D8979702779FF1451663FB4A /* Pods-shoe_shop2.debug.xcconfig */;
			buildSettings = {
				ASSETCATALOG_COMPILER_APPICON_NAME = AppIcon;
				ASSETCATALOG_COMPILER_GLOBAL_ACCENT_COLOR_NAME = AccentColor;
				CODE_SIGN_IDENTITY = "Apple Development";
				CODE_SIGN_STYLE = Automatic;
				DEVELOPMENT_TEAM = 64HC3SHTV9;
				INFOPLIST_FILE = shoe_shop2/Info.plist;
				LD_RUNPATH_SEARCH_PATHS = (
					"$(inherited)",
					"@executable_path/Frameworks",
				);
				PRODUCT_BUNDLE_IDENTIFIER = "hcm21-fr-ios-01.shoe-shop2";
				PRODUCT_NAME = "$(TARGET_NAME)";
				PROVISIONING_PROFILE_SPECIFIER = "";
				SWIFT_VERSION = 5.0;
				TARGETED_DEVICE_FAMILY = "1,2";
			};
			name = Debug;
		};
		E26B1D352644CD280001ABE0 /* Release */ = {
			isa = XCBuildConfiguration;
			baseConfigurationReference = C953906715561AC4DC177CA8 /* Pods-shoe_shop2.release.xcconfig */;
			buildSettings = {
				ASSETCATALOG_COMPILER_APPICON_NAME = AppIcon;
				ASSETCATALOG_COMPILER_GLOBAL_ACCENT_COLOR_NAME = AccentColor;
				CODE_SIGN_IDENTITY = "Apple Development";
				CODE_SIGN_STYLE = Automatic;
				DEVELOPMENT_TEAM = 64HC3SHTV9;
				INFOPLIST_FILE = shoe_shop2/Info.plist;
				LD_RUNPATH_SEARCH_PATHS = (
					"$(inherited)",
					"@executable_path/Frameworks",
				);
				PRODUCT_BUNDLE_IDENTIFIER = "hcm21-fr-ios-01.shoe-shop2";
				PRODUCT_NAME = "$(TARGET_NAME)";
				PROVISIONING_PROFILE_SPECIFIER = "";
				SWIFT_VERSION = 5.0;
				TARGETED_DEVICE_FAMILY = "1,2";
			};
			name = Release;
		};
/* End XCBuildConfiguration section */

/* Begin XCConfigurationList section */
		E26B1D172644CD240001ABE0 /* Build configuration list for PBXProject "shoe_shop2" */ = {
			isa = XCConfigurationList;
			buildConfigurations = (
				E26B1D312644CD280001ABE0 /* Debug */,
				E26B1D322644CD280001ABE0 /* Release */,
			);
			defaultConfigurationIsVisible = 0;
			defaultConfigurationName = Release;
		};
		E26B1D332644CD280001ABE0 /* Build configuration list for PBXNativeTarget "shoe_shop2" */ = {
			isa = XCConfigurationList;
			buildConfigurations = (
				E26B1D342644CD280001ABE0 /* Debug */,
				E26B1D352644CD280001ABE0 /* Release */,
			);
			defaultConfigurationIsVisible = 0;
			defaultConfigurationName = Release;
		};
/* End XCConfigurationList section */

/* Begin XCRemoteSwiftPackageReference section */
		6470F35A264E767D00362E05 /* XCRemoteSwiftPackageReference "facebook-ios-sdk" */ = {
			isa = XCRemoteSwiftPackageReference;
			repositoryURL = "https://github.com/facebook/facebook-ios-sdk";
			requirement = {
				kind = upToNextMajorVersion;
				minimumVersion = 9.3.0;
			};
		};
		E26B1D7F2644D79C0001ABE0 /* XCRemoteSwiftPackageReference "firebase-ios-sdk" */ = {
			isa = XCRemoteSwiftPackageReference;
			repositoryURL = "https://github.com/firebase/firebase-ios-sdk.git";
			requirement = {
				kind = upToNextMajorVersion;
				minimumVersion = 7.11.1;
			};
		};
		FF8D2334264CB9590072D5D3 /* XCRemoteSwiftPackageReference "animated-tab-bar" */ = {
			isa = XCRemoteSwiftPackageReference;
			repositoryURL = "https://github.com/Ramotion/animated-tab-bar.git";
			requirement = {
				kind = upToNextMajorVersion;
				minimumVersion = 5.2.0;
			};
		};
		FF8D2391264EBF7B0072D5D3 /* XCRemoteSwiftPackageReference "SkeletonView" */ = {
			isa = XCRemoteSwiftPackageReference;
			repositoryURL = "https://github.com/Juanpe/SkeletonView.git";
			requirement = {
				kind = upToNextMajorVersion;
				minimumVersion = 1.15.0;
			};
		};
		FF8D2394264FD5270072D5D3 /* XCRemoteSwiftPackageReference "SDWebImage" */ = {
			isa = XCRemoteSwiftPackageReference;
			repositoryURL = "https://github.com/SDWebImage/SDWebImage.git";
			requirement = {
				kind = upToNextMajorVersion;
				minimumVersion = 5.11.1;
			};
		};
/* End XCRemoteSwiftPackageReference section */

/* Begin XCSwiftPackageProductDependency section */
		6470F35B264E767D00362E05 /* FacebookCore */ = {
			isa = XCSwiftPackageProductDependency;
			package = 6470F35A264E767D00362E05 /* XCRemoteSwiftPackageReference "facebook-ios-sdk" */;
			productName = FacebookCore;
		};
		6470F35D264E767D00362E05 /* FacebookLogin */ = {
			isa = XCSwiftPackageProductDependency;
			package = 6470F35A264E767D00362E05 /* XCRemoteSwiftPackageReference "facebook-ios-sdk" */;
			productName = FacebookLogin;
		};
		E26B1D802644D79C0001ABE0 /* FirebaseStorage */ = {
			isa = XCSwiftPackageProductDependency;
			package = E26B1D7F2644D79C0001ABE0 /* XCRemoteSwiftPackageReference "firebase-ios-sdk" */;
			productName = FirebaseStorage;
		};
		E26B1D822644D79C0001ABE0 /* FirebaseAuth */ = {
			isa = XCSwiftPackageProductDependency;
			package = E26B1D7F2644D79C0001ABE0 /* XCRemoteSwiftPackageReference "firebase-ios-sdk" */;
			productName = FirebaseAuth;
		};
		E26B1D842644D79C0001ABE0 /* FirebaseDatabase */ = {
			isa = XCSwiftPackageProductDependency;
			package = E26B1D7F2644D79C0001ABE0 /* XCRemoteSwiftPackageReference "firebase-ios-sdk" */;
			productName = FirebaseDatabase;
		};
		FF8D2335264CB9590072D5D3 /* RAMAnimatedTabBarController */ = {
			isa = XCSwiftPackageProductDependency;
			package = FF8D2334264CB9590072D5D3 /* XCRemoteSwiftPackageReference "animated-tab-bar" */;
			productName = RAMAnimatedTabBarController;
		};
		FF8D2392264EBF7B0072D5D3 /* SkeletonView */ = {
			isa = XCSwiftPackageProductDependency;
			package = FF8D2391264EBF7B0072D5D3 /* XCRemoteSwiftPackageReference "SkeletonView" */;
			productName = SkeletonView;
		};
		FF8D2395264FD5280072D5D3 /* SDWebImage */ = {
			isa = XCSwiftPackageProductDependency;
			package = FF8D2394264FD5270072D5D3 /* XCRemoteSwiftPackageReference "SDWebImage" */;
			productName = SDWebImage;
		};
/* End XCSwiftPackageProductDependency section */

/* Begin XCVersionGroup section */
		E26B1D282644CD240001ABE0 /* shoe_shop2.xcdatamodeld */ = {
			isa = XCVersionGroup;
			children = (
				E26B1D292644CD240001ABE0 /* shoe_shop2.xcdatamodel */,
			);
			currentVersion = E26B1D292644CD240001ABE0 /* shoe_shop2.xcdatamodel */;
			path = shoe_shop2.xcdatamodeld;
			sourceTree = "<group>";
			versionGroupType = wrapper.xcdatamodel;
		};
/* End XCVersionGroup section */
	};
	rootObject = E26B1D142644CD240001ABE0 /* Project object */;
}
